{
 "name": "node-red-contrib-key-value-store",
 "version": "0.1.8",
 "lockfileVersion": 1,
 "requires": true,
 "dependencies": {
  "graceful-fs": {
   "version": "4.1.11",
   "resolved": "https://registry.npmjs.org/graceful-fs/-/graceful-fs-4.1.11.tgz",
   "integrity": "sha1-Dovf5NHduIVNZOBOp8AOKgJuVlg="
  },
  "is-promise": {
   "version": "2.1.0",
   "resolved": "https://registry.npmjs.org/is-promise/-/is-promise-2.1.0.tgz",
   "integrity": "sha1-eaKp7OfwlugPNtKy87wWwf9L8/o="
  },
  "is-relative": {
   "version": "1.0.0",
   "resolved": "https://registry.npmjs.org/is-relative/-/is-relative-1.0.0.tgz",
   "integrity": "sha512-Kw/ReK0iqwKeu0MITLFuj0jbPAmEiOsIwyIXvvbfa6QfmN9pkD1M+8pdk7Rl/dTKbH34/XBFMbgD4iMJhLQbGA==",
   "requires": {
    "is-unc-path": "1.0.0"
   }
  },
  "is-unc-path": {
   "version": "1.0.0",
   "resolved": "https://registry.npmjs.org/is-unc-path/-/is-unc-path-1.0.0.tgz",
   "integrity": "sha512-mrGpVd0fs7WWLfVsStvgF6iEJnbjDFZh9/emhRDcGWTduTfNHd9CHeUwH3gYIjdbwo4On6hunkztwOaAw0yllQ==",
   "requires": {
    "unc-path-regex": "0.1.2"
   }
  },
  "lodash": {
   "version": "4.17.5",
   "resolved": "https://registry.npmjs.org/lodash/-/lodash-4.17.5.tgz",
   "integrity": "sha512-svL3uiZf1RwhH+cWrfZn3A4+U58wbP0tGVTLQPbjplZxZ8ROD9VLuNgsRniTlLe7OlSqR79RUehXgpBW/s0IQw=="
  },
  "lowdb": {
   "version": "1.0.0",
   "resolved": "https://registry.npmjs.org/lowdb/-/lowdb-1.0.0.tgz",
   "integrity": "sha512-2+x8esE/Wb9SQ1F9IHaYWfsC9FIecLOPrK4g17FGEayjUWH172H6nwicRovGvSE2CPZouc2MCIqCI7h9d+GftQ==",
   "requires": {
    "graceful-fs": "4.1.11",
    "is-promise": "2.1.0",
    "lodash": "4.17.5",
    "pify": "3.0.0",
    "steno": "0.4.4"
   }
  },
  "pify": {
   "version": "3.0.0",
   "resolved": "https://registry.npmjs.org/pify/-/pify-3.0.0.tgz",
   "integrity": "sha1-5aSs0sEB/fPZpNB/DbxNtJ3SgXY="
  },
  "steno": {
   "version": "0.4.4",
   "resolved": "https://registry.npmjs.org/steno/-/steno-0.4.4.tgz",
   "integrity": "sha1-BxEFvfwobmYVwEA8J+nXtdy4Vcs=",
   "requires": {
    "graceful-fs": "4.1.11"
   }
  },
  "unc-path-regex": {
   "version": "0.1.2",
   "resolved": "https://registry.npmjs.org/unc-path-regex/-/unc-path-regex-0.1.2.tgz",
   "integrity": "sha1-5z3T17DXxe2G+6xrCufYxqadUPo="
  }
 }
}
